
Microsoft Visual Studio Solution File, Format Version 12.00
# Visual Studio Version 17
VisualStudioVersion = 17.7.34003.232
MinimumVisualStudioVersion = 10.0.40219.1
Project("{FAE04EC0-301F-11D3-BF4B-00C04F79EFBC}") = "Beecrowd1005", "Beecrowd1005\Beecrowd1005.csproj", "{ACF0D6B6-0A14-43E1-B712-DFE639F63403}"
EndProject
Global
	GlobalSection(SolutionConfigurationPlatforms) = preSolution
		Debug|Any CPU = Debug|Any CPU
		Release|Any CPU = Release|Any CPU
	EndGlobalSection
	GlobalSection(ProjectConfigurationPlatforms) = postSolution
		{ACF0D6B6-0A14-43E1-B712-DFE639F63403}.Debug|Any CPU.ActiveCfg = Debug|Any CPU
		{ACF0D6B6-0A14-43E1-B712-DFE639F63403}.Debug|Any CPU.Build.0 = Debug|Any CPU
		{ACF0D6B6-0A14-43E1-B712-DFE639F63403}.Release|Any CPU.ActiveCfg = Release|Any CPU
		{ACF0D6B6-0A14-43E1-B712-DFE639F63403}.Release|Any CPU.Build.0 = Release|Any CPU
	EndGlobalSection
	GlobalSection(SolutionProperties) = preSolution
		HideSolutionNode = FALSE
	EndGlobalSection
	GlobalSection(ExtensibilityGlobals) = postSolution
		SolutionGuid = {42D85D9C-39FE-48C7-BBE9-D03EBDE4AE61}
	EndGlobalSection
EndGlobal
